
Microsoft Visual Studio Solution File, Format Version 11.00
# Visual Studio 2010
Project("{FAE04EC0-301F-11D3-BF4B-00C04F79EFBC}") = "Assembly-CSharp", "Assembly-CSharp.csproj", "{0ccf4f07-056d-aa34-f8a4-23b980bab996}"
EndProject
Project("{FAE04EC0-301F-11D3-BF4B-00C04F79EFBC}") = "Assembly-CSharp-Editor", "Assembly-CSharp-Editor.csproj", "{115bbc80-a278-dbb5-053d-ed34b63e8f12}"
EndProject
Global
	GlobalSection(SolutionConfigurationPlatforms) = preSolution
		Debug|Any CPU = Debug|Any CPU
	EndGlobalSection
	GlobalSection(ProjectConfigurationPlatforms) = postSolution
		{0ccf4f07-056d-aa34-f8a4-23b980bab996}.Debug|Any CPU.ActiveCfg = Debug|Any CPU
		{0ccf4f07-056d-aa34-f8a4-23b980bab996}.Debug|Any CPU.Build.0 = Debug|Any CPU
		{115bbc80-a278-dbb5-053d-ed34b63e8f12}.Debug|Any CPU.ActiveCfg = Debug|Any CPU
		{115bbc80-a278-dbb5-053d-ed34b63e8f12}.Debug|Any CPU.Build.0 = Debug|Any CPU
	EndGlobalSection
	GlobalSection(SolutionProperties) = preSolution
		HideSolutionNode = FALSE
	EndGlobalSection
EndGlobal
